
Microsoft Visual Studio Solution File, Format Version 12.00
# Visual Studio Version 17
Project("{8BC9CEB8-8B4A-11D0-8D11-00A0C91BC942}") = "ALL_BUILD", "ALL_BUILD.vcxproj", "{FA08D417-DED1-3E47-BACF-AF2CE4DE868A}"
	ProjectSection(ProjectDependencies) = postProject
		{89E93129-AB2D-30FD-B753-43CB504E7F78} = {89E93129-AB2D-30FD-B753-43CB504E7F78}
		{6B6DEE54-22DF-387A-A410-8F8AD5CF0A2B} = {6B6DEE54-22DF-387A-A410-8F8AD5CF0A2B}
		{A822ABE4-4233-30B4-85CA-DFDB298B1DD4} = {A822ABE4-4233-30B4-85CA-DFDB298B1DD4}
	EndProjectSection
EndProject
Project("{8BC9CEB8-8B4A-11D0-8D11-00A0C91BC942}") = "INSTALL", "INSTALL.vcxproj", "{E22A649A-CCED-3717-B360-2F86BC1D72A7}"
	ProjectSection(ProjectDependencies) = postProject
		{FA08D417-DED1-3E47-BACF-AF2CE4DE868A} = {FA08D417-DED1-3E47-BACF-AF2CE4DE868A}
		{89E93129-AB2D-30FD-B753-43CB504E7F78} = {89E93129-AB2D-30FD-B753-43CB504E7F78}
	EndProjectSection
EndProject
Project("{8BC9CEB8-8B4A-11D0-8D11-00A0C91BC942}") = "RUN_TESTS", "RUN_TESTS.vcxproj", "{E3529DE8-4CA7-3F2B-8D17-14376115B873}"
	ProjectSection(ProjectDependencies) = postProject
		{89E93129-AB2D-30FD-B753-43CB504E7F78} = {89E93129-AB2D-30FD-B753-43CB504E7F78}
	EndProjectSection
EndProject
Project("{8BC9CEB8-8B4A-11D0-8D11-00A0C91BC942}") = "ZERO_CHECK", "..\\ZERO_CHECK.vcxproj", "{89E93129-AB2D-30FD-B753-43CB504E7F78}"
	ProjectSection(ProjectDependencies) = postProject
	EndProjectSection
EndProject
Project("{8BC9CEB8-8B4A-11D0-8D11-00A0C91BC942}") = "gtest", "gtest.vcxproj", "{6B6DEE54-22DF-387A-A410-8F8AD5CF0A2B}"
	ProjectSection(ProjectDependencies) = postProject
		{89E93129-AB2D-30FD-B753-43CB504E7F78} = {89E93129-AB2D-30FD-B753-43CB504E7F78}
	EndProjectSection
EndProject
Project("{8BC9CEB8-8B4A-11D0-8D11-00A0C91BC942}") = "gtest_main", "gtest_main.vcxproj", "{A822ABE4-4233-30B4-85CA-DFDB298B1DD4}"
	ProjectSection(ProjectDependencies) = postProject
		{89E93129-AB2D-30FD-B753-43CB504E7F78} = {89E93129-AB2D-30FD-B753-43CB504E7F78}
		{6B6DEE54-22DF-387A-A410-8F8AD5CF0A2B} = {6B6DEE54-22DF-387A-A410-8F8AD5CF0A2B}
	EndProjectSection
EndProject
Global
	GlobalSection(SolutionConfigurationPlatforms) = preSolution
		Debug|x64 = Debug|x64
		Release|x64 = Release|x64
		MinSizeRel|x64 = MinSizeRel|x64
		RelWithDebInfo|x64 = RelWithDebInfo|x64
	EndGlobalSection
	GlobalSection(ProjectConfigurationPlatforms) = postSolution
		{FA08D417-DED1-3E47-BACF-AF2CE4DE868A}.Debug|x64.ActiveCfg = Debug|x64
		{FA08D417-DED1-3E47-BACF-AF2CE4DE868A}.Debug|x64.Build.0 = Debug|x64
		{FA08D417-DED1-3E47-BACF-AF2CE4DE868A}.Release|x64.ActiveCfg = Release|x64
		{FA08D417-DED1-3E47-BACF-AF2CE4DE868A}.Release|x64.Build.0 = Release|x64
		{FA08D417-DED1-3E47-BACF-AF2CE4DE868A}.MinSizeRel|x64.ActiveCfg = MinSizeRel|x64
		{FA08D417-DED1-3E47-BACF-AF2CE4DE868A}.MinSizeRel|x64.Build.0 = MinSizeRel|x64
		{FA08D417-DED1-3E47-BACF-AF2CE4DE868A}.RelWithDebInfo|x64.ActiveCfg = RelWithDebInfo|x64
		{FA08D417-DED1-3E47-BACF-AF2CE4DE868A}.RelWithDebInfo|x64.Build.0 = RelWithDebInfo|x64
		{E22A649A-CCED-3717-B360-2F86BC1D72A7}.Debug|x64.ActiveCfg = Debug|x64
		{E22A649A-CCED-3717-B360-2F86BC1D72A7}.Release|x64.ActiveCfg = Release|x64
		{E22A649A-CCED-3717-B360-2F86BC1D72A7}.MinSizeRel|x64.ActiveCfg = MinSizeRel|x64
		{E22A649A-CCED-3717-B360-2F86BC1D72A7}.RelWithDebInfo|x64.ActiveCfg = RelWithDebInfo|x64
		{E3529DE8-4CA7-3F2B-8D17-14376115B873}.Debug|x64.ActiveCfg = Debug|x64
		{E3529DE8-4CA7-3F2B-8D17-14376115B873}.Release|x64.ActiveCfg = Release|x64
		{E3529DE8-4CA7-3F2B-8D17-14376115B873}.MinSizeRel|x64.ActiveCfg = MinSizeRel|x64
		{E3529DE8-4CA7-3F2B-8D17-14376115B873}.RelWithDebInfo|x64.ActiveCfg = RelWithDebInfo|x64
		{89E93129-AB2D-30FD-B753-43CB504E7F78}.Debug|x64.ActiveCfg = Debug|x64
		{89E93129-AB2D-30FD-B753-43CB504E7F78}.Debug|x64.Build.0 = Debug|x64
		{89E93129-AB2D-30FD-B753-43CB504E7F78}.Release|x64.ActiveCfg = Release|x64
		{89E93129-AB2D-30FD-B753-43CB504E7F78}.Release|x64.Build.0 = Release|x64
		{89E93129-AB2D-30FD-B753-43CB504E7F78}.MinSizeRel|x64.ActiveCfg = MinSizeRel|x64
		{89E93129-AB2D-30FD-B753-43CB504E7F78}.MinSizeRel|x64.Build.0 = MinSizeRel|x64
		{89E93129-AB2D-30FD-B753-43CB504E7F78}.RelWithDebInfo|x64.ActiveCfg = RelWithDebInfo|x64
		{89E93129-AB2D-30FD-B753-43CB504E7F78}.RelWithDebInfo|x64.Build.0 = RelWithDebInfo|x64
		{6B6DEE54-22DF-387A-A410-8F8AD5CF0A2B}.Debug|x64.ActiveCfg = Debug|x64
		{6B6DEE54-22DF-387A-A410-8F8AD5CF0A2B}.Debug|x64.Build.0 = Debug|x64
		{6B6DEE54-22DF-387A-A410-8F8AD5CF0A2B}.Release|x64.ActiveCfg = Release|x64
		{6B6DEE54-22DF-387A-A410-8F8AD5CF0A2B}.Release|x64.Build.0 = Release|x64
		{6B6DEE54-22DF-387A-A410-8F8AD5CF0A2B}.MinSizeRel|x64.ActiveCfg = MinSizeRel|x64
		{6B6DEE54-22DF-387A-A410-8F8AD5CF0A2B}.MinSizeRel|x64.Build.0 = MinSizeRel|x64
		{6B6DEE54-22DF-387A-A410-8F8AD5CF0A2B}.RelWithDebInfo|x64.ActiveCfg = RelWithDebInfo|x64
		{6B6DEE54-22DF-387A-A410-8F8AD5CF0A2B}.RelWithDebInfo|x64.Build.0 = RelWithDebInfo|x64
		{A822ABE4-4233-30B4-85CA-DFDB298B1DD4}.Debug|x64.ActiveCfg = Debug|x64
		{A822ABE4-4233-30B4-85CA-DFDB298B1DD4}.Debug|x64.Build.0 = Debug|x64
		{A822ABE4-4233-30B4-85CA-DFDB298B1DD4}.Release|x64.ActiveCfg = Release|x64
		{A822ABE4-4233-30B4-85CA-DFDB298B1DD4}.Release|x64.Build.0 = Release|x64
		{A822ABE4-4233-30B4-85CA-DFDB298B1DD4}.MinSizeRel|x64.ActiveCfg = MinSizeRel|x64
		{A822ABE4-4233-30B4-85CA-DFDB298B1DD4}.MinSizeRel|x64.Build.0 = MinSizeRel|x64
		{A822ABE4-4233-30B4-85CA-DFDB298B1DD4}.RelWithDebInfo|x64.ActiveCfg = RelWithDebInfo|x64
		{A822ABE4-4233-30B4-85CA-DFDB298B1DD4}.RelWithDebInfo|x64.Build.0 = RelWithDebInfo|x64
	EndGlobalSection
	GlobalSection(ExtensibilityGlobals) = postSolution
		SolutionGuid = {F93E1826-D6FD-35C2-B783-96CC0482981B}
	EndGlobalSection
	GlobalSection(ExtensibilityAddIns) = postSolution
	EndGlobalSection
EndGlobal
